
Microsoft Visual Studio Solution File, Format Version 12.00
# Visual Studio Version 17
VisualStudioVersion = 17.0.32112.339
MinimumVisualStudioVersion = 10.0.40219.1
Project("{9A19103F-16F7-4668-BE54-9A1E7A4F7556}") = "TestBlazor", "TestBlazor\TestBlazor.csproj", "{695DBA9A-1AF1-461B-A7A0-EC4375EDEF20}"
EndProject
Project("{9A19103F-16F7-4668-BE54-9A1E7A4F7556}") = "Blazor.Db", "Blazor.Db\Blazor.Db.csproj", "{6554113D-7F34-4940-B564-65EEABF08C4C}"
EndProject
Project("{9A19103F-16F7-4668-BE54-9A1E7A4F7556}") = "Blazor.Logic", "BlazorService\Blazor.Logic.csproj", "{BCB3EF74-655A-4BEE-A1AE-DDE5F2A75870}"
EndProject
Project("{9A19103F-16F7-4668-BE54-9A1E7A4F7556}") = "Blazor.WebDb", "Blazor.WebDb\Blazor.WebDb.csproj", "{51067D35-801E-42DF-A33D-AEC2702FF880}"
EndProject
Global
	GlobalSection(SolutionConfigurationPlatforms) = preSolution
		Debug|Any CPU = Debug|Any CPU
		Release|Any CPU = Release|Any CPU
	EndGlobalSection
	GlobalSection(ProjectConfigurationPlatforms) = postSolution
		{695DBA9A-1AF1-461B-A7A0-EC4375EDEF20}.Debug|Any CPU.ActiveCfg = Debug|Any CPU
		{695DBA9A-1AF1-461B-A7A0-EC4375EDEF20}.Debug|Any CPU.Build.0 = Debug|Any CPU
		{695DBA9A-1AF1-461B-A7A0-EC4375EDEF20}.Release|Any CPU.ActiveCfg = Release|Any CPU
		{695DBA9A-1AF1-461B-A7A0-EC4375EDEF20}.Release|Any CPU.Build.0 = Release|Any CPU
		{6554113D-7F34-4940-B564-65EEABF08C4C}.Debug|Any CPU.ActiveCfg = Debug|Any CPU
		{6554113D-7F34-4940-B564-65EEABF08C4C}.Debug|Any CPU.Build.0 = Debug|Any CPU
		{6554113D-7F34-4940-B564-65EEABF08C4C}.Release|Any CPU.ActiveCfg = Release|Any CPU
		{6554113D-7F34-4940-B564-65EEABF08C4C}.Release|Any CPU.Build.0 = Release|Any CPU
		{BCB3EF74-655A-4BEE-A1AE-DDE5F2A75870}.Debug|Any CPU.ActiveCfg = Debug|Any CPU
		{BCB3EF74-655A-4BEE-A1AE-DDE5F2A75870}.Debug|Any CPU.Build.0 = Debug|Any CPU
		{BCB3EF74-655A-4BEE-A1AE-DDE5F2A75870}.Release|Any CPU.ActiveCfg = Release|Any CPU
		{BCB3EF74-655A-4BEE-A1AE-DDE5F2A75870}.Release|Any CPU.Build.0 = Release|Any CPU
		{51067D35-801E-42DF-A33D-AEC2702FF880}.Debug|Any CPU.ActiveCfg = Debug|Any CPU
		{51067D35-801E-42DF-A33D-AEC2702FF880}.Debug|Any CPU.Build.0 = Debug|Any CPU
		{51067D35-801E-42DF-A33D-AEC2702FF880}.Release|Any CPU.ActiveCfg = Release|Any CPU
		{51067D35-801E-42DF-A33D-AEC2702FF880}.Release|Any CPU.Build.0 = Release|Any CPU
	EndGlobalSection
	GlobalSection(SolutionProperties) = preSolution
		HideSolutionNode = FALSE
	EndGlobalSection
	GlobalSection(ExtensibilityGlobals) = postSolution
		SolutionGuid = {82CE66D2-4C30-43CB-BFCE-366865D2B670}
	EndGlobalSection
EndGlobal
